
Microsoft Visual Studio Solution File, Format Version 11.00
# Visual Studio 2010
Project("{FAE04EC0-301F-11D3-BF4B-00C04F79EFBC}") = "bsn.GoldParser", "bsn.GoldParser\bsn.GoldParser.csproj", "{1A1A5AE9-7981-471C-9CC7-F7465E675A32}"
EndProject
Project("{FAE04EC0-301F-11D3-BF4B-00C04F79EFBC}") = "bsn.GoldParser.Test", "bsn.GoldParser.Test\bsn.GoldParser.Test.csproj", "{68DC267E-76A4-4B7A-A397-95302BB5D64F}"
EndProject
Project("{FAE04EC0-301F-11D3-BF4B-00C04F79EFBC}") = "bsn.GoldParser.Sample", "bsn.GoldParser.Sample\bsn.GoldParser.Sample.csproj", "{29D1406B-902F-4747-81B1-8BC0AD1330A7}"
EndProject
Project("{FAE04EC0-301F-11D3-BF4B-00C04F79EFBC}") = "PackCgt", "PackCgt\PackCgt.csproj", "{3BA4F079-08FC-4347-890C-9D2545385EB8}"
EndProject
Global
	GlobalSection(SolutionConfigurationPlatforms) = preSolution
		Debug|Any CPU = Debug|Any CPU
		Release|Any CPU = Release|Any CPU
	EndGlobalSection
	GlobalSection(ProjectConfigurationPlatforms) = postSolution
		{1A1A5AE9-7981-471C-9CC7-F7465E675A32}.Debug|Any CPU.ActiveCfg = Debug|Any CPU
		{1A1A5AE9-7981-471C-9CC7-F7465E675A32}.Debug|Any CPU.Build.0 = Debug|Any CPU
		{1A1A5AE9-7981-471C-9CC7-F7465E675A32}.Release|Any CPU.ActiveCfg = Release|Any CPU
		{1A1A5AE9-7981-471C-9CC7-F7465E675A32}.Release|Any CPU.Build.0 = Release|Any CPU
		{68DC267E-76A4-4B7A-A397-95302BB5D64F}.Debug|Any CPU.ActiveCfg = Debug|Any CPU
		{68DC267E-76A4-4B7A-A397-95302BB5D64F}.Debug|Any CPU.Build.0 = Debug|Any CPU
		{68DC267E-76A4-4B7A-A397-95302BB5D64F}.Release|Any CPU.ActiveCfg = Release|Any CPU
		{29D1406B-902F-4747-81B1-8BC0AD1330A7}.Debug|Any CPU.ActiveCfg = Debug|Any CPU
		{29D1406B-902F-4747-81B1-8BC0AD1330A7}.Debug|Any CPU.Build.0 = Debug|Any CPU
		{29D1406B-902F-4747-81B1-8BC0AD1330A7}.Release|Any CPU.ActiveCfg = Release|Any CPU
		{3BA4F079-08FC-4347-890C-9D2545385EB8}.Debug|Any CPU.ActiveCfg = Debug|Any CPU
		{3BA4F079-08FC-4347-890C-9D2545385EB8}.Debug|Any CPU.Build.0 = Debug|Any CPU
		{3BA4F079-08FC-4347-890C-9D2545385EB8}.Release|Any CPU.ActiveCfg = Release|Any CPU
	EndGlobalSection
	GlobalSection(SolutionProperties) = preSolution
		HideSolutionNode = FALSE
	EndGlobalSection
EndGlobal
